
Microsoft Visual Studio Solution File, Format Version 12.00
# Visual Studio 15
VisualStudioVersion = 15.0.28307.1022
MinimumVisualStudioVersion = 10.0.40219.1
Project("{FAE04EC0-301F-11D3-BF4B-00C04F79EFBC}") = "The Wasteland", "The Wasteland\The Wasteland.csproj", "{916D9537-C5AE-42C7-9307-10198EAF11B7}"
EndProject
Global
	GlobalSection(SolutionConfigurationPlatforms) = preSolution
		Debug|Any CPU = Debug|Any CPU
		Release|Any CPU = Release|Any CPU
	EndGlobalSection
	GlobalSection(ProjectConfigurationPlatforms) = postSolution
		{916D9537-C5AE-42C7-9307-10198EAF11B7}.Debug|Any CPU.ActiveCfg = Debug|Any CPU
		{916D9537-C5AE-42C7-9307-10198EAF11B7}.Debug|Any CPU.Build.0 = Debug|Any CPU
		{916D9537-C5AE-42C7-9307-10198EAF11B7}.Release|Any CPU.ActiveCfg = Release|Any CPU
		{916D9537-C5AE-42C7-9307-10198EAF11B7}.Release|Any CPU.Build.0 = Release|Any CPU
	EndGlobalSection
	GlobalSection(SolutionProperties) = preSolution
		HideSolutionNode = FALSE
	EndGlobalSection
	GlobalSection(ExtensibilityGlobals) = postSolution
		SolutionGuid = {AC6DC6B7-E1F1-4590-8A84-988CAC1B2A56}
	EndGlobalSection
EndGlobal
